// !$*UTF8*$!
{
	archiveVersion = 1;
	classes = {
	};
	objectVersion = 50;
	objects = {

/* Begin PBXBuildFile section */
		21CE2A0DAD6E8BD4564FF9D4 /* Pods_PixelDust.framework in Frameworks */ = {isa = PBXBuildFile; fileRef = 2EF7AD32610FF2020499909B /* Pods_PixelDust.framework */; };
		ACB3734821850B03000E4A90 /* AppDelegate.swift in Sources */ = {isa = PBXBuildFile; fileRef = ACB3734721850B03000E4A90 /* AppDelegate.swift */; };
		ACB3734A21850B03000E4A90 /* ViewController.swift in Sources */ = {isa = PBXBuildFile; fileRef = ACB3734921850B03000E4A90 /* ViewController.swift */; };
		ACB3734D21850B03000E4A90 /* Main.storyboard in Resources */ = {isa = PBXBuildFile; fileRef = ACB3734B21850B03000E4A90 /* Main.storyboard */; };
		ACB3734F21850B09000E4A90 /* Assets.xcassets in Resources */ = {isa = PBXBuildFile; fileRef = ACB3734E21850B09000E4A90 /* Assets.xcassets */; };
		ACB3735221850B09000E4A90 /* LaunchScreen.storyboard in Resources */ = {isa = PBXBuildFile; fileRef = ACB3735021850B09000E4A90 /* LaunchScreen.storyboard */; };
		ACB3735D21850B09000E4A90 /* PixelDustTests.swift in Sources */ = {isa = PBXBuildFile; fileRef = ACB3735C21850B09000E4A90 /* PixelDustTests.swift */; };
		ACB373812186CD0D000E4A90 /* Assets.xcassets in Resources */ = {isa = PBXBuildFile; fileRef = ACB3734E21850B09000E4A90 /* Assets.xcassets */; };
		FFACF27ED8A1AFB4F9B39029 /* Pods_PixelDustTests.framework in Frameworks */ = {isa = PBXBuildFile; fileRef = 78335AA79FC46FA01EA54643 /* Pods_PixelDustTests.framework */; };
/* End PBXBuildFile section */

/* Begin PBXContainerItemProxy section */
		ACB3735921850B09000E4A90 /* PBXContainerItemProxy */ = {
			isa = PBXContainerItemProxy;
			containerPortal = ACB3733C21850B03000E4A90 /* Project object */;
			proxyType = 1;
			remoteGlobalIDString = ACB3734321850B03000E4A90;
			remoteInfo = PixelDust;
		};
/* End PBXContainerItemProxy section */

/* Begin PBXFileReference section */
		05CBBD1180A4B973D7D76C5A /* Pods-PixelDust.debug.xcconfig */ = {isa = PBXFileReference; includeInIndex = 1; lastKnownFileType = text.xcconfig; name = "Pods-PixelDust.debug.xcconfig"; path = "Pods/Target Support Files/Pods-PixelDust/Pods-PixelDust.debug.xcconfig"; sourceTree = "<group>"; };
		2EF7AD32610FF2020499909B /* Pods_PixelDust.framework */ = {isa = PBXFileReference; explicitFileType = wrapper.framework; includeInIndex = 0; path = Pods_PixelDust.framework; sourceTree = BUILT_PRODUCTS_DIR; };
		4F850575BD71EDE9503A7523 /* Pods-PixelDust.release.xcconfig */ = {isa = PBXFileReference; includeInIndex = 1; lastKnownFileType = text.xcconfig; name = "Pods-PixelDust.release.xcconfig"; path = "Pods/Target Support Files/Pods-PixelDust/Pods-PixelDust.release.xcconfig"; sourceTree = "<group>"; };
		555E367A483234CDCA32D600 /* Pods-PixelDustTests.release.xcconfig */ = {isa = PBXFileReference; includeInIndex = 1; lastKnownFileType = text.xcconfig; name = "Pods-PixelDustTests.release.xcconfig"; path = "Pods/Target Support Files/Pods-PixelDustTests/Pods-PixelDustTests.release.xcconfig"; sourceTree = "<group>"; };
		78335AA79FC46FA01EA54643 /* Pods_PixelDustTests.framework */ = {isa = PBXFileReference; explicitFileType = wrapper.framework; includeInIndex = 0; path = Pods_PixelDustTests.framework; sourceTree = BUILT_PRODUCTS_DIR; };
		ACB3734421850B03000E4A90 /* PixelDustExample.app */ = {isa = PBXFileReference; explicitFileType = wrapper.application; includeInIndex = 0; path = PixelDustExample.app; sourceTree = BUILT_PRODUCTS_DIR; };
		ACB3734721850B03000E4A90 /* AppDelegate.swift */ = {isa = PBXFileReference; lastKnownFileType = sourcecode.swift; path = AppDelegate.swift; sourceTree = "<group>"; };
		ACB3734921850B03000E4A90 /* ViewController.swift */ = {isa = PBXFileReference; lastKnownFileType = sourcecode.swift; path = ViewController.swift; sourceTree = "<group>"; };
		ACB3734C21850B03000E4A90 /* Base */ = {isa = PBXFileReference; lastKnownFileType = file.storyboard; name = Base; path = Base.lproj/Main.storyboard; sourceTree = "<group>"; };
		ACB3734E21850B09000E4A90 /* Assets.xcassets */ = {isa = PBXFileReference; lastKnownFileType = folder.assetcatalog; path = Assets.xcassets; sourceTree = "<group>"; };
		ACB3735121850B09000E4A90 /* Base */ = {isa = PBXFileReference; lastKnownFileType = file.storyboard; name = Base; path = Base.lproj/LaunchScreen.storyboard; sourceTree = "<group>"; };
		ACB3735321850B09000E4A90 /* Info.plist */ = {isa = PBXFileReference; lastKnownFileType = text.plist.xml; path = Info.plist; sourceTree = "<group>"; };
		ACB3735821850B09000E4A90 /* PixelDustExampleTests.xctest */ = {isa = PBXFileReference; explicitFileType = wrapper.cfbundle; includeInIndex = 0; path = PixelDustExampleTests.xctest; sourceTree = BUILT_PRODUCTS_DIR; };
		ACB3735C21850B09000E4A90 /* PixelDustTests.swift */ = {isa = PBXFileReference; lastKnownFileType = sourcecode.swift; path = PixelDustTests.swift; sourceTree = "<group>"; };
		ACB3735E21850B09000E4A90 /* Info.plist */ = {isa = PBXFileReference; lastKnownFileType = text.plist.xml; path = Info.plist; sourceTree = "<group>"; };
		DAEB5183403B23B39905F689 /* Pods-PixelDustTests.debug.xcconfig */ = {isa = PBXFileReference; includeInIndex = 1; lastKnownFileType = text.xcconfig; name = "Pods-PixelDustTests.debug.xcconfig"; path = "Pods/Target Support Files/Pods-PixelDustTests/Pods-PixelDustTests.debug.xcconfig"; sourceTree = "<group>"; };
/* End PBXFileReference section */

/* Begin PBXFrameworksBuildPhase section */
		ACB3734121850B03000E4A90 /* Frameworks */ = {
			isa = PBXFrameworksBuildPhase;
			buildActionMask = 2147483647;
			files = (
				21CE2A0DAD6E8BD4564FF9D4 /* Pods_PixelDust.framework in Frameworks */,
			);
			runOnlyForDeploymentPostprocessing = 0;
		};
		ACB3735521850B09000E4A90 /* Frameworks */ = {
			isa = PBXFrameworksBuildPhase;
			buildActionMask = 2147483647;
			files = (
				FFACF27ED8A1AFB4F9B39029 /* Pods_PixelDustTests.framework in Frameworks */,
			);
			runOnlyForDeploymentPostprocessing = 0;
		};
/* End PBXFrameworksBuildPhase section */

/* Begin PBXGroup section */
		581EABE415B229250426C0EE /* Frameworks */ = {
			isa = PBXGroup;
			children = (
				2EF7AD32610FF2020499909B /* Pods_PixelDust.framework */,
				78335AA79FC46FA01EA54643 /* Pods_PixelDustTests.framework */,
			);
			name = Frameworks;
			sourceTree = "<group>";
		};
		ACB3733B21850B03000E4A90 = {
			isa = PBXGroup;
			children = (
				ACB3734621850B03000E4A90 /* PixelDust */,
				ACB3735B21850B09000E4A90 /* PixelDustTests */,
				ACB3734521850B03000E4A90 /* Products */,
				B8CC10D6399FD37B114B5681 /* Pods */,
				581EABE415B229250426C0EE /* Frameworks */,
			);
			sourceTree = "<group>";
		};
		ACB3734521850B03000E4A90 /* Products */ = {
			isa = PBXGroup;
			children = (
				ACB3734421850B03000E4A90 /* PixelDustExample.app */,
				ACB3735821850B09000E4A90 /* PixelDustExampleTests.xctest */,
			);
			name = Products;
			sourceTree = "<group>";
		};
		ACB3734621850B03000E4A90 /* PixelDust */ = {
			isa = PBXGroup;
			children = (
				ACB3734721850B03000E4A90 /* AppDelegate.swift */,
				ACB3734921850B03000E4A90 /* ViewController.swift */,
				ACB3734B21850B03000E4A90 /* Main.storyboard */,
				ACB3734E21850B09000E4A90 /* Assets.xcassets */,
				ACB3735021850B09000E4A90 /* LaunchScreen.storyboard */,
				ACB3735321850B09000E4A90 /* Info.plist */,
			);
			path = PixelDust;
			sourceTree = "<group>";
		};
		ACB3735B21850B09000E4A90 /* PixelDustTests */ = {
			isa = PBXGroup;
			children = (
				ACB3735C21850B09000E4A90 /* PixelDustTests.swift */,
				ACB3735E21850B09000E4A90 /* Info.plist */,
			);
			path = PixelDustTests;
			sourceTree = "<group>";
		};
		B8CC10D6399FD37B114B5681 /* Pods */ = {
			isa = PBXGroup;
			children = (
				05CBBD1180A4B973D7D76C5A /* Pods-PixelDust.debug.xcconfig */,
				4F850575BD71EDE9503A7523 /* Pods-PixelDust.release.xcconfig */,
				DAEB5183403B23B39905F689 /* Pods-PixelDustTests.debug.xcconfig */,
				555E367A483234CDCA32D600 /* Pods-PixelDustTests.release.xcconfig */,
			);
			name = Pods;
			sourceTree = "<group>";
		};
/* End PBXGroup section */

/* Begin PBXNativeTarget section */
		ACB3734321850B03000E4A90 /* PixelDustExample */ = {
			isa = PBXNativeTarget;
			buildConfigurationList = ACB3736121850B09000E4A90 /* Build configuration list for PBXNativeTarget "PixelDustExample" */;
			buildPhases = (
				6971E63D971406783E8F9FA4 /* [CP] Check Pods Manifest.lock */,
				ACB3734021850B03000E4A90 /* Sources */,
				ACB3734121850B03000E4A90 /* Frameworks */,
				ACB3734221850B03000E4A90 /* Resources */,
				D6EC3E27DE7A975A29086F60 /* [CP] Embed Pods Frameworks */,
			);
			buildRules = (
			);
			dependencies = (
			);
			name = PixelDustExample;
			productName = PixelDust;
			productReference = ACB3734421850B03000E4A90 /* PixelDustExample.app */;
			productType = "com.apple.product-type.application";
		};
		ACB3735721850B09000E4A90 /* PixelDustExampleTests */ = {
			isa = PBXNativeTarget;
			buildConfigurationList = ACB3736421850B09000E4A90 /* Build configuration list for PBXNativeTarget "PixelDustExampleTests" */;
			buildPhases = (
				AB6826718A0EB749114F3174 /* [CP] Check Pods Manifest.lock */,
				ACB3735421850B09000E4A90 /* Sources */,
				ACB3735521850B09000E4A90 /* Frameworks */,
				ACB3735621850B09000E4A90 /* Resources */,
			);
			buildRules = (
			);
			dependencies = (
				ACB3735A21850B09000E4A90 /* PBXTargetDependency */,
			);
			name = PixelDustExampleTests;
			productName = PixelDustTests;
			productReference = ACB3735821850B09000E4A90 /* PixelDustExampleTests.xctest */;
			productType = "com.apple.product-type.bundle.unit-test";
		};
/* End PBXNativeTarget section */

/* Begin PBXProject section */
		ACB3733C21850B03000E4A90 /* Project object */ = {
			isa = PBXProject;
			attributes = {
				LastSwiftUpdateCheck = 1000;
				LastUpgradeCheck = 1000;
				ORGANIZATIONNAME = "Kain Osterholt";
				TargetAttributes = {
					ACB3734321850B03000E4A90 = {
						CreatedOnToolsVersion = 10.0;
						LastSwiftMigration = 1000;
					};
					ACB3735721850B09000E4A90 = {
						CreatedOnToolsVersion = 10.0;
						TestTargetID = ACB3734321850B03000E4A90;
					};
				};
			};
			buildConfigurationList = ACB3733F21850B03000E4A90 /* Build configuration list for PBXProject "PixelDustExample" */;
			compatibilityVersion = "Xcode 9.3";
			developmentRegion = en;
			hasScannedForEncodings = 0;
			knownRegions = (
				en,
				Base,
			);
			mainGroup = ACB3733B21850B03000E4A90;
			productRefGroup = ACB3734521850B03000E4A90 /* Products */;
			projectDirPath = "";
			projectRoot = "";
			targets = (
				ACB3734321850B03000E4A90 /* PixelDustExample */,
				ACB3735721850B09000E4A90 /* PixelDustExampleTests */,
			);
		};
/* End PBXProject section */

/* Begin PBXResourcesBuildPhase section */
		ACB3734221850B03000E4A90 /* Resources */ = {
			isa = PBXResourcesBuildPhase;
			buildActionMask = 2147483647;
			files = (
				ACB3735221850B09000E4A90 /* LaunchScreen.storyboard in Resources */,
				ACB3734F21850B09000E4A90 /* Assets.xcassets in Resources */,
				ACB3734D21850B03000E4A90 /* Main.storyboard in Resources */,
			);
			runOnlyForDeploymentPostprocessing = 0;
		};
		ACB3735621850B09000E4A90 /* Resources */ = {
			isa = PBXResourcesBuildPhase;
			buildActionMask = 2147483647;
			files = (
				ACB373812186CD0D000E4A90 /* Assets.xcassets in Resources */,
			);
			runOnlyForDeploymentPostprocessing = 0;
		};
/* End PBXResourcesBuildPhase section */

/* Begin PBXShellScriptBuildPhase section */
		6971E63D971406783E8F9FA4 /* [CP] Check Pods Manifest.lock */ = {
			isa = PBXShellScriptBuildPhase;
			buildActionMask = 2147483647;
			files = (
			);
			inputFileListPaths = (
			);
			inputPaths = (
				"${PODS_PODFILE_DIR_PATH}/Podfile.lock",
				"${PODS_ROOT}/Manifest.lock",
			);
			name = "[CP] Check Pods Manifest.lock";
			outputFileListPaths = (
			);
			outputPaths = (
				"$(DERIVED_FILE_DIR)/Pods-PixelDust-checkManifestLockResult.txt",
			);
			runOnlyForDeploymentPostprocessing = 0;
			shellPath = /bin/sh;
			shellScript = "diff \"${PODS_PODFILE_DIR_PATH}/Podfile.lock\" \"${PODS_ROOT}/Manifest.lock\" > /dev/null\nif [ $? != 0 ] ; then\n    # print error to STDERR\n    echo \"error: The sandbox is not in sync with the Podfile.lock. Run 'pod install' or update your CocoaPods installation.\" >&2\n    exit 1\nfi\n# This output is used by Xcode 'outputs' to avoid re-running this script phase.\necho \"SUCCESS\" > \"${SCRIPT_OUTPUT_FILE_0}\"\n";
			showEnvVarsInLog = 0;
		};
		AB6826718A0EB749114F3174 /* [CP] Check Pods Manifest.lock */ = {
			isa = PBXShellScriptBuildPhase;
			buildActionMask = 2147483647;
			files = (
			);
			inputFileListPaths = (
			);
			inputPaths = (
				"${PODS_PODFILE_DIR_PATH}/Podfile.lock",
				"${PODS_ROOT}/Manifest.lock",
			);
			name = "[CP] Check Pods Manifest.lock";
			outputFileListPaths = (
			);
			outputPaths = (
				"$(DERIVED_FILE_DIR)/Pods-PixelDustTests-checkManifestLockResult.txt",
			);
			runOnlyForDeploymentPostprocessing = 0;
			shellPath = /bin/sh;
			shellScript = "diff \"${PODS_PODFILE_DIR_PATH}/Podfile.lock\" \"${PODS_ROOT}/Manifest.lock\" > /dev/null\nif [ $? != 0 ] ; then\n    # print error to STDERR\n    echo \"error: The sandbox is not in sync with the Podfile.lock. Run 'pod install' or update your CocoaPods installation.\" >&2\n    exit 1\nfi\n# This output is used by Xcode 'outputs' to avoid re-running this script phase.\necho \"SUCCESS\" > \"${SCRIPT_OUTPUT_FILE_0}\"\n";
			showEnvVarsInLog = 0;
		};
		D6EC3E27DE7A975A29086F60 /* [CP] Embed Pods Frameworks */ = {
			isa = PBXShellScriptBuildPhase;
			buildActionMask = 2147483647;
			files = (
			);
			inputFileListPaths = (
			);
			inputPaths = (
				"${SRCROOT}/Pods/Target Support Files/Pods-PixelDust/Pods-PixelDust-frameworks.sh",
				"${BUILT_PRODUCTS_DIR}/PixelDust/PixelDust.framework",
			);
			name = "[CP] Embed Pods Frameworks";
			outputFileListPaths = (
			);
			outputPaths = (
				"${TARGET_BUILD_DIR}/${FRAMEWORKS_FOLDER_PATH}/PixelDust.framework",
			);
			runOnlyForDeploymentPostprocessing = 0;
			shellPath = /bin/sh;
			shellScript = "\"${SRCROOT}/Pods/Target Support Files/Pods-PixelDust/Pods-PixelDust-frameworks.sh\"\n";
			showEnvVarsInLog = 0;
		};
/* End PBXShellScriptBuildPhase section */

/* Begin PBXSourcesBuildPhase section */
		ACB3734021850B03000E4A90 /* Sources */ = {
			isa = PBXSourcesBuildPhase;
			buildActionMask = 2147483647;
			files = (
				ACB3734A21850B03000E4A90 /* ViewController.swift in Sources */,
				ACB3734821850B03000E4A90 /* AppDelegate.swift in Sources */,
			);
			runOnlyForDeploymentPostprocessing = 0;
		};
		ACB3735421850B09000E4A90 /* Sources */ = {
			isa = PBXSourcesBuildPhase;
			buildActionMask = 2147483647;
			files = (
				ACB3735D21850B09000E4A90 /* PixelDustTests.swift in Sources */,
			);
			runOnlyForDeploymentPostprocessing = 0;
		};
/* End PBXSourcesBuildPhase section */

/* Begin PBXTargetDependency section */
		ACB3735A21850B09000E4A90 /* PBXTargetDependency */ = {
			isa = PBXTargetDependency;
			target = ACB3734321850B03000E4A90 /* PixelDustExample */;
			targetProxy = ACB3735921850B09000E4A90 /* PBXContainerItemProxy */;
		};
/* End PBXTargetDependency section */

/* Begin PBXVariantGroup section */
		ACB3734B21850B03000E4A90 /* Main.storyboard */ = {
			isa = PBXVariantGroup;
			children = (
				ACB3734C21850B03000E4A90 /* Base */,
			);
			name = Main.storyboard;
			sourceTree = "<group>";
		};
		ACB3735021850B09000E4A90 /* LaunchScreen.storyboard */ = {
			isa = PBXVariantGroup;
			children = (
				ACB3735121850B09000E4A90 /* Base */,
			);
			name = LaunchScreen.storyboard;
			sourceTree = "<group>";
		};
/* End PBXVariantGroup section */

/* Begin XCBuildConfiguration section */
		ACB3735F21850B09000E4A90 /* Debug */ = {
			isa = XCBuildConfiguration;
			buildSettings = {
				ALWAYS_SEARCH_USER_PATHS = NO;
				CLANG_ANALYZER_NONNULL = YES;
				CLANG_ANALYZER_NUMBER_OBJECT_CONVERSION = YES_AGGRESSIVE;
				CLANG_CXX_LANGUAGE_STANDARD = "gnu++14";
				CLANG_CXX_LIBRARY = "libc++";
				CLANG_ENABLE_MODULES = YES;
				CLANG_ENABLE_OBJC_ARC = YES;
				CLANG_ENABLE_OBJC_WEAK = YES;
				CLANG_WARN_BLOCK_CAPTURE_AUTORELEASING = YES;
				CLANG_WARN_BOOL_CONVERSION = YES;
				CLANG_WARN_COMMA = YES;
				CLANG_WARN_CONSTANT_CONVERSION = YES;
				CLANG_WARN_DEPRECATED_OBJC_IMPLEMENTATIONS = YES;
				CLANG_WARN_DIRECT_OBJC_ISA_USAGE = YES_ERROR;
				CLANG_WARN_DOCUMENTATION_COMMENTS = YES;
				CLANG_WARN_EMPTY_BODY = YES;
				CLANG_WARN_ENUM_CONVERSION = YES;
				CLANG_WARN_INFINITE_RECURSION = YES;
				CLANG_WARN_INT_CONVERSION = YES;
				CLANG_WARN_NON_LITERAL_NULL_CONVERSION = YES;
				CLANG_WARN_OBJC_IMPLICIT_RETAIN_SELF = YES;
				CLANG_WARN_OBJC_LITERAL_CONVERSION = YES;
				CLANG_WARN_OBJC_ROOT_CLASS = YES_ERROR;
				CLANG_WARN_RANGE_LOOP_ANALYSIS = YES;
				CLANG_WARN_STRICT_PROTOTYPES = YES;
				CLANG_WARN_SUSPICIOUS_MOVE = YES;
				CLANG_WARN_UNGUARDED_AVAILABILITY = YES_AGGRESSIVE;
				CLANG_WARN_UNREACHABLE_CODE = YES;
				CLANG_WARN__DUPLICATE_METHOD_MATCH = YES;
				CODE_SIGN_IDENTITY = "iPhone Developer";
				COPY_PHASE_STRIP = NO;
				DEBUG_INFORMATION_FORMAT = dwarf;
				ENABLE_STRICT_OBJC_MSGSEND = YES;
				ENABLE_TESTABILITY = YES;
				GCC_C_LANGUAGE_STANDARD = gnu11;
				GCC_DYNAMIC_NO_PIC = NO;
				GCC_NO_COMMON_BLOCKS = YES;
				GCC_OPTIMIZATION_LEVEL = 0;
				GCC_PREPROCESSOR_DEFINITIONS = (
					"DEBUG=1",
					"$(inherited)",
				);
				GCC_WARN_64_TO_32_BIT_CONVERSION = YES;
				GCC_WARN_ABOUT_RETURN_TYPE = YES_ERROR;
				GCC_WARN_UNDECLARED_SELECTOR = YES;
				GCC_WARN_UNINITIALIZED_AUTOS = YES_AGGRESSIVE;
				GCC_WARN_UNUSED_FUNCTION = YES;
				GCC_WARN_UNUSED_VARIABLE = YES;
				IPHONEOS_DEPLOYMENT_TARGET = 12.0;
				MTL_ENABLE_DEBUG_INFO = INCLUDE_SOURCE;
				MTL_FAST_MATH = YES;
				ONLY_ACTIVE_ARCH = YES;
				SDKROOT = iphoneos;
				SWIFT_ACTIVE_COMPILATION_CONDITIONS = DEBUG;
				SWIFT_OPTIMIZATION_LEVEL = "-Onone";
			};
			name = Debug;
		};
		ACB3736021850B09000E4A90 /* Release */ = {
			isa = XCBuildConfiguration;
			buildSettings = {
				ALWAYS_SEARCH_USER_PATHS = NO;
				CLANG_ANALYZER_NONNULL = YES;
				CLANG_ANALYZER_NUMBER_OBJECT_CONVERSION = YES_AGGRESSIVE;
				CLANG_CXX_LANGUAGE_STANDARD = "gnu++14";
				CLANG_CXX_LIBRARY = "libc++";
				CLANG_ENABLE_MODULES = YES;
				CLANG_ENABLE_OBJC_ARC = YES;
				CLANG_ENABLE_OBJC_WEAK = YES;
				CLANG_WARN_BLOCK_CAPTURE_AUTORELEASING = YES;
				CLANG_WARN_BOOL_CONVERSION = YES;
				CLANG_WARN_COMMA = YES;
				CLANG_WARN_CONSTANT_CONVERSION = YES;
				CLANG_WARN_DEPRECATED_OBJC_IMPLEMENTATIONS = YES;
				CLANG_WARN_DIRECT_OBJC_ISA_USAGE = YES_ERROR;
				CLANG_WARN_DOCUMENTATION_COMMENTS = YES;
				CLANG_WARN_EMPTY_BODY = YES;
				CLANG_WARN_ENUM_CONVERSION = YES;
				CLANG_WARN_INFINITE_RECURSION = YES;
				CLANG_WARN_INT_CONVERSION = YES;
				CLANG_WARN_NON_LITERAL_NULL_CONVERSION = YES;
				CLANG_WARN_OBJC_IMPLICIT_RETAIN_SELF = YES;
				CLANG_WARN_OBJC_LITERAL_CONVERSION = YES;
				CLANG_WARN_OBJC_ROOT_CLASS = YES_ERROR;
				CLANG_WARN_RANGE_LOOP_ANALYSIS = YES;
				CLANG_WARN_STRICT_PROTOTYPES = YES;
				CLANG_WARN_SUSPICIOUS_MOVE = YES;
				CLANG_WARN_UNGUARDED_AVAILABILITY = YES_AGGRESSIVE;
				CLANG_WARN_UNREACHABLE_CODE = YES;
				CLANG_WARN__DUPLICATE_METHOD_MATCH = YES;
				CODE_SIGN_IDENTITY = "iPhone Developer";
				COPY_PHASE_STRIP = NO;
				DEBUG_INFORMATION_FORMAT = "dwarf-with-dsym";
				ENABLE_NS_ASSERTIONS = NO;
				ENABLE_STRICT_OBJC_MSGSEND = YES;
				GCC_C_LANGUAGE_STANDARD = gnu11;
				GCC_NO_COMMON_BLOCKS = YES;
				GCC_WARN_64_TO_32_BIT_CONVERSION = YES;
				GCC_WARN_ABOUT_RETURN_TYPE = YES_ERROR;
				GCC_WARN_UNDECLARED_SELECTOR = YES;
				GCC_WARN_UNINITIALIZED_AUTOS = YES_AGGRESSIVE;
				GCC_WARN_UNUSED_FUNCTION = YES;
				GCC_WARN_UNUSED_VARIABLE = YES;
				IPHONEOS_DEPLOYMENT_TARGET = 12.0;
				MTL_ENABLE_DEBUG_INFO = NO;
				MTL_FAST_MATH = YES;
				SDKROOT = iphoneos;
				SWIFT_COMPILATION_MODE = wholemodule;
				SWIFT_OPTIMIZATION_LEVEL = "-O";
				VALIDATE_PRODUCT = YES;
			};
			name = Release;
		};
		ACB3736221850B09000E4A90 /* Debug */ = {
			isa = XCBuildConfiguration;
			baseConfigurationReference = 05CBBD1180A4B973D7D76C5A /* Pods-PixelDust.debug.xcconfig */;
			buildSettings = {
				ASSETCATALOG_COMPILER_APPICON_NAME = AppIcon;
				CLANG_ENABLE_MODULES = YES;
				CODE_SIGN_STYLE = Automatic;
				DEVELOPMENT_TEAM = LR3D5ZYZX3;
				GCC_WARN_ABOUT_DEPRECATED_FUNCTIONS = NO;
				INFOPLIST_FILE = "$(SRCROOT)/PixelDust/Info.plist";
				LD_RUNPATH_SEARCH_PATHS = (
					"$(inherited)",
					"@executable_path/Frameworks",
				);
				PRODUCT_BUNDLE_IDENTIFIER = com.kainosterholt.PixelDust;
				PRODUCT_NAME = "$(TARGET_NAME)";
				SWIFT_OBJC_BRIDGING_HEADER = "";
				SWIFT_OPTIMIZATION_LEVEL = "-Onone";
				SWIFT_PRECOMPILE_BRIDGING_HEADER = NO;
				SWIFT_VERSION = 4.2;
				TARGETED_DEVICE_FAMILY = "1,2";
			};
			name = Debug;
		};
		ACB3736321850B09000E4A90 /* Release */ = {
			isa = XCBuildConfiguration;
			baseConfigurationReference = 4F850575BD71EDE9503A7523 /* Pods-PixelDust.release.xcconfig */;
			buildSettings = {
				ASSETCATALOG_COMPILER_APPICON_NAME = AppIcon;
				CLANG_ENABLE_MODULES = YES;
				CODE_SIGN_STYLE = Automatic;
				DEVELOPMENT_TEAM = LR3D5ZYZX3;
				GCC_WARN_ABOUT_DEPRECATED_FUNCTIONS = NO;
				INFOPLIST_FILE = "$(SRCROOT)/PixelDust/Info.plist";
				LD_RUNPATH_SEARCH_PATHS = (
					"$(inherited)",
					"@executable_path/Frameworks",
				);
				PRODUCT_BUNDLE_IDENTIFIER = com.kainosterholt.PixelDust;
				PRODUCT_NAME = "$(TARGET_NAME)";
				SWIFT_OBJC_BRIDGING_HEADER = "";
				SWIFT_PRECOMPILE_BRIDGING_HEADER = NO;
				SWIFT_VERSION = 4.2;
				TARGETED_DEVICE_FAMILY = "1,2";
			};
			name = Release;
		};
		ACB3736521850B09000E4A90 /* Debug */ = {
			isa = XCBuildConfiguration;
			baseConfigurationReference = DAEB5183403B23B39905F689 /* Pods-PixelDustTests.debug.xcconfig */;
			buildSettings = {
				ALWAYS_EMBED_SWIFT_STANDARD_LIBRARIES = YES;
				BUNDLE_LOADER = "$(TEST_HOST)";
				CODE_SIGN_STYLE = Automatic;
				DEVELOPMENT_TEAM = LR3D5ZYZX3;
				INFOPLIST_FILE = PixelDustTests/Info.plist;
				LD_RUNPATH_SEARCH_PATHS = (
					"$(inherited)",
					"@executable_path/Frameworks",
					"@loader_path/Frameworks",
				);
				PRODUCT_BUNDLE_IDENTIFIER = com.kainosterholt.PixelDustTests;
				PRODUCT_NAME = "$(TARGET_NAME)";
				SWIFT_VERSION = 4.2;
				TARGETED_DEVICE_FAMILY = "1,2";
				TEST_HOST = "$(BUILT_PRODUCTS_DIR)/PixelDustExample.app/PixelDustExample";
			};
			name = Debug;
		};
		ACB3736621850B09000E4A90 /* Release */ = {
			isa = XCBuildConfiguration;
			baseConfigurationReference = 555E367A483234CDCA32D600 /* Pods-PixelDustTests.release.xcconfig */;
			buildSettings = {
				ALWAYS_EMBED_SWIFT_STANDARD_LIBRARIES = YES;
				BUNDLE_LOADER = "$(TEST_HOST)";
				CODE_SIGN_STYLE = Automatic;
				DEVELOPMENT_TEAM = LR3D5ZYZX3;
				INFOPLIST_FILE = PixelDustTests/Info.plist;
				LD_RUNPATH_SEARCH_PATHS = (
					"$(inherited)",
					"@executable_path/Frameworks",
					"@loader_path/Frameworks",
				);
				PRODUCT_BUNDLE_IDENTIFIER = com.kainosterholt.PixelDustTests;
				PRODUCT_NAME = "$(TARGET_NAME)";
				SWIFT_VERSION = 4.2;
				TARGETED_DEVICE_FAMILY = "1,2";
				TEST_HOST = "$(BUILT_PRODUCTS_DIR)/PixelDustExample.app/PixelDustExample";
			};
			name = Release;
		};
/* End XCBuildConfiguration section */

/* Begin XCConfigurationList section */
		ACB3733F21850B03000E4A90 /* Build configuration list for PBXProject "PixelDustExample" */ = {
			isa = XCConfigurationList;
			buildConfigurations = (
				ACB3735F21850B09000E4A90 /* Debug */,
				ACB3736021850B09000E4A90 /* Release */,
			);
			defaultConfigurationIsVisible = 0;
			defaultConfigurationName = Release;
		};
		ACB3736121850B09000E4A90 /* Build configuration list for PBXNativeTarget "PixelDustExample" */ = {
			isa = XCConfigurationList;
			buildConfigurations = (
				ACB3736221850B09000E4A90 /* Debug */,
				ACB3736321850B09000E4A90 /* Release */,
			);
			defaultConfigurationIsVisible = 0;
			defaultConfigurationName = Release;
		};
		ACB3736421850B09000E4A90 /* Build configuration list for PBXNativeTarget "PixelDustExampleTests" */ = {
			isa = XCConfigurationList;
			buildConfigurations = (
				ACB3736521850B09000E4A90 /* Debug */,
				ACB3736621850B09000E4A90 /* Release */,
			);
			defaultConfigurationIsVisible = 0;
			defaultConfigurationName = Release;
		};
/* End XCConfigurationList section */
	};
	rootObject = ACB3733C21850B03000E4A90 /* Project object */;
}
